
Microsoft Visual Studio Solution File, Format Version 12.00
# Visual Studio Version 17
VisualStudioVersion = 17.6.33829.357
MinimumVisualStudioVersion = 10.0.40219.1
Project("{FAE04EC0-301F-11D3-BF4B-00C04F79EFBC}") = "HangManProject", "HangManProject\HangManProject.csproj", "{EEF25EB9-6119-4F78-A81B-7017639E3ACC}"
EndProject
Global
	GlobalSection(SolutionConfigurationPlatforms) = preSolution
		Debug|Any CPU = Debug|Any CPU
		Release|Any CPU = Release|Any CPU
	EndGlobalSection
	GlobalSection(ProjectConfigurationPlatforms) = postSolution
		{EEF25EB9-6119-4F78-A81B-7017639E3ACC}.Debug|Any CPU.ActiveCfg = Debug|Any CPU
		{EEF25EB9-6119-4F78-A81B-7017639E3ACC}.Debug|Any CPU.Build.0 = Debug|Any CPU
		{EEF25EB9-6119-4F78-A81B-7017639E3ACC}.Release|Any CPU.ActiveCfg = Release|Any CPU
		{EEF25EB9-6119-4F78-A81B-7017639E3ACC}.Release|Any CPU.Build.0 = Release|Any CPU
	EndGlobalSection
	GlobalSection(SolutionProperties) = preSolution
		HideSolutionNode = FALSE
	EndGlobalSection
	GlobalSection(ExtensibilityGlobals) = postSolution
		SolutionGuid = {150B981B-0180-47C3-8C0A-A0B6B3B2D673}
	EndGlobalSection
EndGlobal
